// !$*UTF8*$!
{
	archiveVersion = 1;
	classes = {
	};
	objectVersion = 55;
	objects = {

/* Begin PBXBuildFile section */
		8F46D85927EC7B7C009C719D /* AppDelegate.swift in Sources */ = {isa = PBXBuildFile; fileRef = 8F46D85827EC7B7C009C719D /* AppDelegate.swift */; };
		8F46D85B27EC7B7C009C719D /* SceneDelegate.swift in Sources */ = {isa = PBXBuildFile; fileRef = 8F46D85A27EC7B7C009C719D /* SceneDelegate.swift */; };
		8F46D86027EC7B7C009C719D /* Main.storyboard in Resources */ = {isa = PBXBuildFile; fileRef = 8F46D85E27EC7B7C009C719D /* Main.storyboard */; };
		8F46D86227EC7B7F009C719D /* Assets.xcassets in Resources */ = {isa = PBXBuildFile; fileRef = 8F46D86127EC7B7F009C719D /* Assets.xcassets */; };
		8F46D86527EC7B7F009C719D /* LaunchScreen.storyboard in Resources */ = {isa = PBXBuildFile; fileRef = 8F46D86327EC7B7F009C719D /* LaunchScreen.storyboard */; };
		8F46D87A27EC7D1B009C719D /* NibLoadable.swift in Sources */ = {isa = PBXBuildFile; fileRef = 8F46D87927EC7D1B009C719D /* NibLoadable.swift */; };
		8F46D87C27EC7D55009C719D /* XibView.swift in Sources */ = {isa = PBXBuildFile; fileRef = 8F46D87B27EC7D55009C719D /* XibView.swift */; };
		8F46D87E27EC84C8009C719D /* GoogleService-Info.plist in Resources */ = {isa = PBXBuildFile; fileRef = 8F46D87D27EC84C8009C719D /* GoogleService-Info.plist */; };
		8F46D88127EC85C4009C719D /* FirebaseAuth in Frameworks */ = {isa = PBXBuildFile; productRef = 8F46D88027EC85C4009C719D /* FirebaseAuth */; };
		8F46D88327EC85C4009C719D /* FirebaseAuthCombine-Community in Frameworks */ = {isa = PBXBuildFile; productRef = 8F46D88227EC85C4009C719D /* FirebaseAuthCombine-Community */; };
		8F46D88527EC85C4009C719D /* FirebaseDatabase in Frameworks */ = {isa = PBXBuildFile; productRef = 8F46D88427EC85C4009C719D /* FirebaseDatabase */; };
		8F46D88727EC85C4009C719D /* FirebaseDatabaseSwift-Beta in Frameworks */ = {isa = PBXBuildFile; productRef = 8F46D88627EC85C4009C719D /* FirebaseDatabaseSwift-Beta */; };
		8F46D88927EC85C4009C719D /* FirebaseStorage in Frameworks */ = {isa = PBXBuildFile; productRef = 8F46D88827EC85C4009C719D /* FirebaseStorage */; };
		8F46D88B27EC85C4009C719D /* FirebaseStorageCombine-Community in Frameworks */ = {isa = PBXBuildFile; productRef = 8F46D88A27EC85C4009C719D /* FirebaseStorageCombine-Community */; };
		8F46D88D27EC85C4009C719D /* FirebaseStorageSwift-Beta in Frameworks */ = {isa = PBXBuildFile; productRef = 8F46D88C27EC85C4009C719D /* FirebaseStorageSwift-Beta */; };
		8F46D89127EC8B08009C719D /* LoginViewController.swift in Sources */ = {isa = PBXBuildFile; fileRef = 8F46D89027EC8B08009C719D /* LoginViewController.swift */; };
/* End PBXBuildFile section */

/* Begin PBXFileReference section */
		8F46D85527EC7B7C009C719D /* UploadingPhotosTestDemo.app */ = {isa = PBXFileReference; explicitFileType = wrapper.application; includeInIndex = 0; path = UploadingPhotosTestDemo.app; sourceTree = BUILT_PRODUCTS_DIR; };
		8F46D85827EC7B7C009C719D /* AppDelegate.swift */ = {isa = PBXFileReference; lastKnownFileType = sourcecode.swift; path = AppDelegate.swift; sourceTree = "<group>"; };
		8F46D85A27EC7B7C009C719D /* SceneDelegate.swift */ = {isa = PBXFileReference; lastKnownFileType = sourcecode.swift; path = SceneDelegate.swift; sourceTree = "<group>"; };
		8F46D85F27EC7B7C009C719D /* Base */ = {isa = PBXFileReference; lastKnownFileType = file.storyboard; name = Base; path = Base.lproj/Main.storyboard; sourceTree = "<group>"; };
		8F46D86127EC7B7F009C719D /* Assets.xcassets */ = {isa = PBXFileReference; lastKnownFileType = folder.assetcatalog; path = Assets.xcassets; sourceTree = "<group>"; };
		8F46D86427EC7B7F009C719D /* Base */ = {isa = PBXFileReference; lastKnownFileType = file.storyboard; name = Base; path = Base.lproj/LaunchScreen.storyboard; sourceTree = "<group>"; };
		8F46D86627EC7B7F009C719D /* Info.plist */ = {isa = PBXFileReference; lastKnownFileType = text.plist.xml; path = Info.plist; sourceTree = "<group>"; };
		8F46D87927EC7D1B009C719D /* NibLoadable.swift */ = {isa = PBXFileReference; lastKnownFileType = sourcecode.swift; path = NibLoadable.swift; sourceTree = "<group>"; };
		8F46D87B27EC7D55009C719D /* XibView.swift */ = {isa = PBXFileReference; lastKnownFileType = sourcecode.swift; path = XibView.swift; sourceTree = "<group>"; };
		8F46D87D27EC84C8009C719D /* GoogleService-Info.plist */ = {isa = PBXFileReference; lastKnownFileType = text.plist; path = "GoogleService-Info.plist"; sourceTree = SOURCE_ROOT; };
		8F46D89027EC8B08009C719D /* LoginViewController.swift */ = {isa = PBXFileReference; lastKnownFileType = sourcecode.swift; path = LoginViewController.swift; sourceTree = "<group>"; };
/* End PBXFileReference section */

/* Begin PBXFrameworksBuildPhase section */
		8F46D85227EC7B7C009C719D /* Frameworks */ = {
			isa = PBXFrameworksBuildPhase;
			buildActionMask = 2147483647;
			files = (
				8F46D88527EC85C4009C719D /* FirebaseDatabase in Frameworks */,
				8F46D88127EC85C4009C719D /* FirebaseAuth in Frameworks */,
				8F46D88727EC85C4009C719D /* FirebaseDatabaseSwift-Beta in Frameworks */,
				8F46D88927EC85C4009C719D /* FirebaseStorage in Frameworks */,
				8F46D88B27EC85C4009C719D /* FirebaseStorageCombine-Community in Frameworks */,
				8F46D88D27EC85C4009C719D /* FirebaseStorageSwift-Beta in Frameworks */,
				8F46D88327EC85C4009C719D /* FirebaseAuthCombine-Community in Frameworks */,
			);
			runOnlyForDeploymentPostprocessing = 0;
		};
/* End PBXFrameworksBuildPhase section */

/* Begin PBXGroup section */
		8F46D84C27EC7B7C009C719D = {
			isa = PBXGroup;
			children = (
				8F46D85727EC7B7C009C719D /* UploadingPhotosTestDemo */,
				8F46D85627EC7B7C009C719D /* Products */,
			);
			sourceTree = "<group>";
		};
		8F46D85627EC7B7C009C719D /* Products */ = {
			isa = PBXGroup;
			children = (
				8F46D85527EC7B7C009C719D /* UploadingPhotosTestDemo.app */,
			);
			name = Products;
			sourceTree = "<group>";
		};
		8F46D85727EC7B7C009C719D /* UploadingPhotosTestDemo */ = {
			isa = PBXGroup;
			children = (
				8F46D86C27EC7C1A009C719D /* App Configuration */,
				8F46D86D27EC7C30009C719D /* Data */,
				8F46D87127EC7C82009C719D /* Presentation */,
				8F46D87627EC7CD7009C719D /* Util */,
				8F46D86127EC7B7F009C719D /* Assets.xcassets */,
				8F46D86327EC7B7F009C719D /* LaunchScreen.storyboard */,
				8F46D87D27EC84C8009C719D /* GoogleService-Info.plist */,
				8F46D86627EC7B7F009C719D /* Info.plist */,
			);
			path = UploadingPhotosTestDemo;
			sourceTree = "<group>";
		};
		8F46D86C27EC7C1A009C719D /* App Configuration */ = {
			isa = PBXGroup;
			children = (
				8F46D85827EC7B7C009C719D /* AppDelegate.swift */,
				8F46D85A27EC7B7C009C719D /* SceneDelegate.swift */,
			);
			path = "App Configuration";
			sourceTree = "<group>";
		};
		8F46D86D27EC7C30009C719D /* Data */ = {
			isa = PBXGroup;
			children = (
				8F46D86E27EC7C3B009C719D /* Networking */,
			);
			path = Data;
			sourceTree = "<group>";
		};
		8F46D86E27EC7C3B009C719D /* Networking */ = {
			isa = PBXGroup;
			children = (
				8F46D87027EC7C6A009C719D /* Firebase Data */,
			);
			path = Networking;
			sourceTree = "<group>";
		};
		8F46D87027EC7C6A009C719D /* Firebase Data */ = {
			isa = PBXGroup;
			children = (
			);
			path = "Firebase Data";
			sourceTree = "<group>";
		};
		8F46D87127EC7C82009C719D /* Presentation */ = {
			isa = PBXGroup;
			children = (
				8F46D87227EC7C8D009C719D /* Stories */,
				8F46D87427EC7CA6009C719D /* Storyboards */,
				8F46D87527EC7CC5009C719D /* CustomUI */,
			);
			path = Presentation;
			sourceTree = "<group>";
		};
		8F46D87227EC7C8D009C719D /* Stories */ = {
			isa = PBXGroup;
			children = (
				8F46D88E27EC8AE8009C719D /* Auth */,
			);
			path = Stories;
			sourceTree = "<group>";
		};
		8F46D87427EC7CA6009C719D /* Storyboards */ = {
			isa = PBXGroup;
			children = (
				8F46D85E27EC7B7C009C719D /* Main.storyboard */,
			);
			path = Storyboards;
			sourceTree = "<group>";
		};
		8F46D87527EC7CC5009C719D /* CustomUI */ = {
			isa = PBXGroup;
			children = (
				8F46D87B27EC7D55009C719D /* XibView.swift */,
			);
			path = CustomUI;
			sourceTree = "<group>";
		};
		8F46D87627EC7CD7009C719D /* Util */ = {
			isa = PBXGroup;
			children = (
				8F46D87727EC7CF1009C719D /* Protocol */,
				8F46D87827EC7CF9009C719D /* Constants */,
			);
			path = Util;
			sourceTree = "<group>";
		};
		8F46D87727EC7CF1009C719D /* Protocol */ = {
			isa = PBXGroup;
			children = (
				8F46D87927EC7D1B009C719D /* NibLoadable.swift */,
			);
			path = Protocol;
			sourceTree = "<group>";
		};
		8F46D87827EC7CF9009C719D /* Constants */ = {
			isa = PBXGroup;
			children = (
			);
			path = Constants;
			sourceTree = "<group>";
		};
		8F46D88E27EC8AE8009C719D /* Auth */ = {
			isa = PBXGroup;
			children = (
				8F46D88F27EC8AF2009C719D /* Login */,
			);
			path = Auth;
			sourceTree = "<group>";
		};
		8F46D88F27EC8AF2009C719D /* Login */ = {
			isa = PBXGroup;
			children = (
				8F46D89027EC8B08009C719D /* LoginViewController.swift */,
			);
			path = Login;
			sourceTree = "<group>";
		};
/* End PBXGroup section */

/* Begin PBXNativeTarget section */
		8F46D85427EC7B7C009C719D /* UploadingPhotosTestDemo */ = {
			isa = PBXNativeTarget;
			buildConfigurationList = 8F46D86927EC7B7F009C719D /* Build configuration list for PBXNativeTarget "UploadingPhotosTestDemo" */;
			buildPhases = (
				8F46D85127EC7B7C009C719D /* Sources */,
				8F46D85227EC7B7C009C719D /* Frameworks */,
				8F46D85327EC7B7C009C719D /* Resources */,
			);
			buildRules = (
			);
			dependencies = (
			);
			name = UploadingPhotosTestDemo;
			packageProductDependencies = (
				8F46D88027EC85C4009C719D /* FirebaseAuth */,
				8F46D88227EC85C4009C719D /* FirebaseAuthCombine-Community */,
				8F46D88427EC85C4009C719D /* FirebaseDatabase */,
				8F46D88627EC85C4009C719D /* FirebaseDatabaseSwift-Beta */,
				8F46D88827EC85C4009C719D /* FirebaseStorage */,
				8F46D88A27EC85C4009C719D /* FirebaseStorageCombine-Community */,
				8F46D88C27EC85C4009C719D /* FirebaseStorageSwift-Beta */,
			);
			productName = UploadingPhotosTestDemo;
			productReference = 8F46D85527EC7B7C009C719D /* UploadingPhotosTestDemo.app */;
			productType = "com.apple.product-type.application";
		};
/* End PBXNativeTarget section */

/* Begin PBXProject section */
		8F46D84D27EC7B7C009C719D /* Project object */ = {
			isa = PBXProject;
			attributes = {
				BuildIndependentTargetsInParallel = 1;
				LastSwiftUpdateCheck = 1330;
				LastUpgradeCheck = 1330;
				TargetAttributes = {
					8F46D85427EC7B7C009C719D = {
						CreatedOnToolsVersion = 13.3;
					};
				};
			};
			buildConfigurationList = 8F46D85027EC7B7C009C719D /* Build configuration list for PBXProject "UploadingPhotosTestDemo" */;
			compatibilityVersion = "Xcode 13.0";
			developmentRegion = en;
			hasScannedForEncodings = 0;
			knownRegions = (
				en,
				Base,
			);
			mainGroup = 8F46D84C27EC7B7C009C719D;
			packageReferences = (
				8F46D87F27EC85C4009C719D /* XCRemoteSwiftPackageReference "firebase-ios-sdk" */,
			);
			productRefGroup = 8F46D85627EC7B7C009C719D /* Products */;
			projectDirPath = "";
			projectRoot = "";
			targets = (
				8F46D85427EC7B7C009C719D /* UploadingPhotosTestDemo */,
			);
		};
/* End PBXProject section */

/* Begin PBXResourcesBuildPhase section */
		8F46D85327EC7B7C009C719D /* Resources */ = {
			isa = PBXResourcesBuildPhase;
			buildActionMask = 2147483647;
			files = (
				8F46D86527EC7B7F009C719D /* LaunchScreen.storyboard in Resources */,
				8F46D87E27EC84C8009C719D /* GoogleService-Info.plist in Resources */,
				8F46D86227EC7B7F009C719D /* Assets.xcassets in Resources */,
				8F46D86027EC7B7C009C719D /* Main.storyboard in Resources */,
			);
			runOnlyForDeploymentPostprocessing = 0;
		};
/* End PBXResourcesBuildPhase section */

/* Begin PBXSourcesBuildPhase section */
		8F46D85127EC7B7C009C719D /* Sources */ = {
			isa = PBXSourcesBuildPhase;
			buildActionMask = 2147483647;
			files = (
				8F46D87A27EC7D1B009C719D /* NibLoadable.swift in Sources */,
				8F46D85927EC7B7C009C719D /* AppDelegate.swift in Sources */,
				8F46D87C27EC7D55009C719D /* XibView.swift in Sources */,
				8F46D89127EC8B08009C719D /* LoginViewController.swift in Sources */,
				8F46D85B27EC7B7C009C719D /* SceneDelegate.swift in Sources */,
			);
			runOnlyForDeploymentPostprocessing = 0;
		};
/* End PBXSourcesBuildPhase section */

/* Begin PBXVariantGroup section */
		8F46D85E27EC7B7C009C719D /* Main.storyboard */ = {
			isa = PBXVariantGroup;
			children = (
				8F46D85F27EC7B7C009C719D /* Base */,
			);
			name = Main.storyboard;
			sourceTree = "<group>";
		};
		8F46D86327EC7B7F009C719D /* LaunchScreen.storyboard */ = {
			isa = PBXVariantGroup;
			children = (
				8F46D86427EC7B7F009C719D /* Base */,
			);
			name = LaunchScreen.storyboard;
			sourceTree = "<group>";
		};
/* End PBXVariantGroup section */

/* Begin XCBuildConfiguration section */
		8F46D86727EC7B7F009C719D /* Debug */ = {
			isa = XCBuildConfiguration;
			buildSettings = {
				ALWAYS_SEARCH_USER_PATHS = NO;
				CLANG_ANALYZER_NONNULL = YES;
				CLANG_ANALYZER_NUMBER_OBJECT_CONVERSION = YES_AGGRESSIVE;
				CLANG_CXX_LANGUAGE_STANDARD = "gnu++17";
				CLANG_ENABLE_MODULES = YES;
				CLANG_ENABLE_OBJC_ARC = YES;
				CLANG_ENABLE_OBJC_WEAK = YES;
				CLANG_WARN_BLOCK_CAPTURE_AUTORELEASING = YES;
				CLANG_WARN_BOOL_CONVERSION = YES;
				CLANG_WARN_COMMA = YES;
				CLANG_WARN_CONSTANT_CONVERSION = YES;
				CLANG_WARN_DEPRECATED_OBJC_IMPLEMENTATIONS = YES;
				CLANG_WARN_DIRECT_OBJC_ISA_USAGE = YES_ERROR;
				CLANG_WARN_DOCUMENTATION_COMMENTS = YES;
				CLANG_WARN_EMPTY_BODY = YES;
				CLANG_WARN_ENUM_CONVERSION = YES;
				CLANG_WARN_INFINITE_RECURSION = YES;
				CLANG_WARN_INT_CONVERSION = YES;
				CLANG_WARN_NON_LITERAL_NULL_CONVERSION = YES;
				CLANG_WARN_OBJC_IMPLICIT_RETAIN_SELF = YES;
				CLANG_WARN_OBJC_LITERAL_CONVERSION = YES;
				CLANG_WARN_OBJC_ROOT_CLASS = YES_ERROR;
				CLANG_WARN_QUOTED_INCLUDE_IN_FRAMEWORK_HEADER = YES;
				CLANG_WARN_RANGE_LOOP_ANALYSIS = YES;
				CLANG_WARN_STRICT_PROTOTYPES = YES;
				CLANG_WARN_SUSPICIOUS_MOVE = YES;
				CLANG_WARN_UNGUARDED_AVAILABILITY = YES_AGGRESSIVE;
				CLANG_WARN_UNREACHABLE_CODE = YES;
				CLANG_WARN__DUPLICATE_METHOD_MATCH = YES;
				COPY_PHASE_STRIP = NO;
				DEBUG_INFORMATION_FORMAT = dwarf;
				ENABLE_STRICT_OBJC_MSGSEND = YES;
				ENABLE_TESTABILITY = YES;
				GCC_C_LANGUAGE_STANDARD = gnu11;
				GCC_DYNAMIC_NO_PIC = NO;
				GCC_NO_COMMON_BLOCKS = YES;
				GCC_OPTIMIZATION_LEVEL = 0;
				GCC_PREPROCESSOR_DEFINITIONS = (
					"DEBUG=1",
					"$(inherited)",
				);
				GCC_WARN_64_TO_32_BIT_CONVERSION = YES;
				GCC_WARN_ABOUT_RETURN_TYPE = YES_ERROR;
				GCC_WARN_UNDECLARED_SELECTOR = YES;
				GCC_WARN_UNINITIALIZED_AUTOS = YES_AGGRESSIVE;
				GCC_WARN_UNUSED_FUNCTION = YES;
				GCC_WARN_UNUSED_VARIABLE = YES;
				IPHONEOS_DEPLOYMENT_TARGET = 15.4;
				MTL_ENABLE_DEBUG_INFO = INCLUDE_SOURCE;
				MTL_FAST_MATH = YES;
				ONLY_ACTIVE_ARCH = YES;
				SDKROOT = iphoneos;
				SWIFT_ACTIVE_COMPILATION_CONDITIONS = DEBUG;
				SWIFT_OPTIMIZATION_LEVEL = "-Onone";
			};
			name = Debug;
		};
		8F46D86827EC7B7F009C719D /* Release */ = {
			isa = XCBuildConfiguration;
			buildSettings = {
				ALWAYS_SEARCH_USER_PATHS = NO;
				CLANG_ANALYZER_NONNULL = YES;
				CLANG_ANALYZER_NUMBER_OBJECT_CONVERSION = YES_AGGRESSIVE;
				CLANG_CXX_LANGUAGE_STANDARD = "gnu++17";
				CLANG_ENABLE_MODULES = YES;
				CLANG_ENABLE_OBJC_ARC = YES;
				CLANG_ENABLE_OBJC_WEAK = YES;
				CLANG_WARN_BLOCK_CAPTURE_AUTORELEASING = YES;
				CLANG_WARN_BOOL_CONVERSION = YES;
				CLANG_WARN_COMMA = YES;
				CLANG_WARN_CONSTANT_CONVERSION = YES;
				CLANG_WARN_DEPRECATED_OBJC_IMPLEMENTATIONS = YES;
				CLANG_WARN_DIRECT_OBJC_ISA_USAGE = YES_ERROR;
				CLANG_WARN_DOCUMENTATION_COMMENTS = YES;
				CLANG_WARN_EMPTY_BODY = YES;
				CLANG_WARN_ENUM_CONVERSION = YES;
				CLANG_WARN_INFINITE_RECURSION = YES;
				CLANG_WARN_INT_CONVERSION = YES;
				CLANG_WARN_NON_LITERAL_NULL_CONVERSION = YES;
				CLANG_WARN_OBJC_IMPLICIT_RETAIN_SELF = YES;
				CLANG_WARN_OBJC_LITERAL_CONVERSION = YES;
				CLANG_WARN_OBJC_ROOT_CLASS = YES_ERROR;
				CLANG_WARN_QUOTED_INCLUDE_IN_FRAMEWORK_HEADER = YES;
				CLANG_WARN_RANGE_LOOP_ANALYSIS = YES;
				CLANG_WARN_STRICT_PROTOTYPES = YES;
				CLANG_WARN_SUSPICIOUS_MOVE = YES;
				CLANG_WARN_UNGUARDED_AVAILABILITY = YES_AGGRESSIVE;
				CLANG_WARN_UNREACHABLE_CODE = YES;
				CLANG_WARN__DUPLICATE_METHOD_MATCH = YES;
				COPY_PHASE_STRIP = NO;
				DEBUG_INFORMATION_FORMAT = "dwarf-with-dsym";
				ENABLE_NS_ASSERTIONS = NO;
				ENABLE_STRICT_OBJC_MSGSEND = YES;
				GCC_C_LANGUAGE_STANDARD = gnu11;
				GCC_NO_COMMON_BLOCKS = YES;
				GCC_WARN_64_TO_32_BIT_CONVERSION = YES;
				GCC_WARN_ABOUT_RETURN_TYPE = YES_ERROR;
				GCC_WARN_UNDECLARED_SELECTOR = YES;
				GCC_WARN_UNINITIALIZED_AUTOS = YES_AGGRESSIVE;
				GCC_WARN_UNUSED_FUNCTION = YES;
				GCC_WARN_UNUSED_VARIABLE = YES;
				IPHONEOS_DEPLOYMENT_TARGET = 15.4;
				MTL_ENABLE_DEBUG_INFO = NO;
				MTL_FAST_MATH = YES;
				SDKROOT = iphoneos;
				SWIFT_COMPILATION_MODE = wholemodule;
				SWIFT_OPTIMIZATION_LEVEL = "-O";
				VALIDATE_PRODUCT = YES;
			};
			name = Release;
		};
		8F46D86A27EC7B7F009C719D /* Debug */ = {
			isa = XCBuildConfiguration;
			buildSettings = {
				ASSETCATALOG_COMPILER_APPICON_NAME = AppIcon;
				ASSETCATALOG_COMPILER_GLOBAL_ACCENT_COLOR_NAME = AccentColor;
				CODE_SIGN_STYLE = Automatic;
				CURRENT_PROJECT_VERSION = 1;
				GENERATE_INFOPLIST_FILE = YES;
				INFOPLIST_FILE = UploadingPhotosTestDemo/Info.plist;
				INFOPLIST_KEY_UIApplicationSupportsIndirectInputEvents = YES;
				INFOPLIST_KEY_UILaunchStoryboardName = LaunchScreen;
				INFOPLIST_KEY_UIMainStoryboardFile = Main;
				INFOPLIST_KEY_UISupportedInterfaceOrientations_iPad = "UIInterfaceOrientationPortrait UIInterfaceOrientationPortraitUpsideDown UIInterfaceOrientationLandscapeLeft UIInterfaceOrientationLandscapeRight";
				INFOPLIST_KEY_UISupportedInterfaceOrientations_iPhone = "UIInterfaceOrientationPortrait UIInterfaceOrientationLandscapeLeft UIInterfaceOrientationLandscapeRight";
				LD_RUNPATH_SEARCH_PATHS = (
					"$(inherited)",
					"@executable_path/Frameworks",
				);
				MARKETING_VERSION = 1.0;
				PRODUCT_BUNDLE_IDENTIFIER = UploadingPhotosTestIdentifier.UploadingPhotosTestDemo;
				PRODUCT_NAME = "$(TARGET_NAME)";
				SWIFT_EMIT_LOC_STRINGS = YES;
				SWIFT_VERSION = 5.0;
				TARGETED_DEVICE_FAMILY = "1,2";
			};
			name = Debug;
		};
		8F46D86B27EC7B7F009C719D /* Release */ = {
			isa = XCBuildConfiguration;
			buildSettings = {
				ASSETCATALOG_COMPILER_APPICON_NAME = AppIcon;
				ASSETCATALOG_COMPILER_GLOBAL_ACCENT_COLOR_NAME = AccentColor;
				CODE_SIGN_STYLE = Automatic;
				CURRENT_PROJECT_VERSION = 1;
				GENERATE_INFOPLIST_FILE = YES;
				INFOPLIST_FILE = UploadingPhotosTestDemo/Info.plist;
				INFOPLIST_KEY_UIApplicationSupportsIndirectInputEvents = YES;
				INFOPLIST_KEY_UILaunchStoryboardName = LaunchScreen;
				INFOPLIST_KEY_UIMainStoryboardFile = Main;
				INFOPLIST_KEY_UISupportedInterfaceOrientations_iPad = "UIInterfaceOrientationPortrait UIInterfaceOrientationPortraitUpsideDown UIInterfaceOrientationLandscapeLeft UIInterfaceOrientationLandscapeRight";
				INFOPLIST_KEY_UISupportedInterfaceOrientations_iPhone = "UIInterfaceOrientationPortrait UIInterfaceOrientationLandscapeLeft UIInterfaceOrientationLandscapeRight";
				LD_RUNPATH_SEARCH_PATHS = (
					"$(inherited)",
					"@executable_path/Frameworks",
				);
				MARKETING_VERSION = 1.0;
				PRODUCT_BUNDLE_IDENTIFIER = UploadingPhotosTestIdentifier.UploadingPhotosTestDemo;
				PRODUCT_NAME = "$(TARGET_NAME)";
				SWIFT_EMIT_LOC_STRINGS = YES;
				SWIFT_VERSION = 5.0;
				TARGETED_DEVICE_FAMILY = "1,2";
			};
			name = Release;
		};
/* End XCBuildConfiguration section */

/* Begin XCConfigurationList section */
		8F46D85027EC7B7C009C719D /* Build configuration list for PBXProject "UploadingPhotosTestDemo" */ = {
			isa = XCConfigurationList;
			buildConfigurations = (
				8F46D86727EC7B7F009C719D /* Debug */,
				8F46D86827EC7B7F009C719D /* Release */,
			);
			defaultConfigurationIsVisible = 0;
			defaultConfigurationName = Release;
		};
		8F46D86927EC7B7F009C719D /* Build configuration list for PBXNativeTarget "UploadingPhotosTestDemo" */ = {
			isa = XCConfigurationList;
			buildConfigurations = (
				8F46D86A27EC7B7F009C719D /* Debug */,
				8F46D86B27EC7B7F009C719D /* Release */,
			);
			defaultConfigurationIsVisible = 0;
			defaultConfigurationName = Release;
		};
/* End XCConfigurationList section */

/* Begin XCRemoteSwiftPackageReference section */
		8F46D87F27EC85C4009C719D /* XCRemoteSwiftPackageReference "firebase-ios-sdk" */ = {
			isa = XCRemoteSwiftPackageReference;
			repositoryURL = "https://github.com/firebase/firebase-ios-sdk";
			requirement = {
				branch = master;
				kind = branch;
			};
		};
/* End XCRemoteSwiftPackageReference section */

/* Begin XCSwiftPackageProductDependency section */
		8F46D88027EC85C4009C719D /* FirebaseAuth */ = {
			isa = XCSwiftPackageProductDependency;
			package = 8F46D87F27EC85C4009C719D /* XCRemoteSwiftPackageReference "firebase-ios-sdk" */;
			productName = FirebaseAuth;
		};
		8F46D88227EC85C4009C719D /* FirebaseAuthCombine-Community */ = {
			isa = XCSwiftPackageProductDependency;
			package = 8F46D87F27EC85C4009C719D /* XCRemoteSwiftPackageReference "firebase-ios-sdk" */;
			productName = "FirebaseAuthCombine-Community";
		};
		8F46D88427EC85C4009C719D /* FirebaseDatabase */ = {
			isa = XCSwiftPackageProductDependency;
			package = 8F46D87F27EC85C4009C719D /* XCRemoteSwiftPackageReference "firebase-ios-sdk" */;
			productName = FirebaseDatabase;
		};
		8F46D88627EC85C4009C719D /* FirebaseDatabaseSwift-Beta */ = {
			isa = XCSwiftPackageProductDependency;
			package = 8F46D87F27EC85C4009C719D /* XCRemoteSwiftPackageReference "firebase-ios-sdk" */;
			productName = "FirebaseDatabaseSwift-Beta";
		};
		8F46D88827EC85C4009C719D /* FirebaseStorage */ = {
			isa = XCSwiftPackageProductDependency;
			package = 8F46D87F27EC85C4009C719D /* XCRemoteSwiftPackageReference "firebase-ios-sdk" */;
			productName = FirebaseStorage;
		};
		8F46D88A27EC85C4009C719D /* FirebaseStorageCombine-Community */ = {
			isa = XCSwiftPackageProductDependency;
			package = 8F46D87F27EC85C4009C719D /* XCRemoteSwiftPackageReference "firebase-ios-sdk" */;
			productName = "FirebaseStorageCombine-Community";
		};
		8F46D88C27EC85C4009C719D /* FirebaseStorageSwift-Beta */ = {
			isa = XCSwiftPackageProductDependency;
			package = 8F46D87F27EC85C4009C719D /* XCRemoteSwiftPackageReference "firebase-ios-sdk" */;
			productName = "FirebaseStorageSwift-Beta";
		};
/* End XCSwiftPackageProductDependency section */
	};
	rootObject = 8F46D84D27EC7B7C009C719D /* Project object */;
}
